
Microsoft Visual Studio Solution File, Format Version 12.00
# Visual Studio 14
VisualStudioVersion = 14.0.24720.0
MinimumVisualStudioVersion = 10.0.40219.1
Project("{2150E333-8FDC-42A3-9474-1A3956D46DE8}") = "src", "src", "{46689A5C-ADD5-47B8-9490-5700E416E929}"
EndProject
Project("{2150E333-8FDC-42A3-9474-1A3956D46DE8}") = "Solution Items", "Solution Items", "{92868D40-B9D7-4303-9785-1BCB85146979}"
	ProjectSection(SolutionItems) = preProject
		global.json = global.json
	EndProjectSection
EndProject
Project("{8BB2217D-0F2D-49D1-97BC-3654ED321F3B}") = "Sportoholic", "src\Sportoholic\Sportoholic.xproj", "{4BFB1255-D0B3-484B-AB81-FBC9D1D9D66E}"
EndProject
Global
	GlobalSection(SolutionConfigurationPlatforms) = preSolution
		Debug|Any CPU = Debug|Any CPU
		Release|Any CPU = Release|Any CPU
	EndGlobalSection
	GlobalSection(ProjectConfigurationPlatforms) = postSolution
		{4BFB1255-D0B3-484B-AB81-FBC9D1D9D66E}.Debug|Any CPU.ActiveCfg = Debug|Any CPU
		{4BFB1255-D0B3-484B-AB81-FBC9D1D9D66E}.Debug|Any CPU.Build.0 = Debug|Any CPU
		{4BFB1255-D0B3-484B-AB81-FBC9D1D9D66E}.Release|Any CPU.ActiveCfg = Release|Any CPU
		{4BFB1255-D0B3-484B-AB81-FBC9D1D9D66E}.Release|Any CPU.Build.0 = Release|Any CPU
	EndGlobalSection
	GlobalSection(SolutionProperties) = preSolution
		HideSolutionNode = FALSE
	EndGlobalSection
	GlobalSection(NestedProjects) = preSolution
		{4BFB1255-D0B3-484B-AB81-FBC9D1D9D66E} = {46689A5C-ADD5-47B8-9490-5700E416E929}
	EndGlobalSection
EndGlobal
